Microsoft Visual Studio Solution File, Format Version 12.00
# Visual Studio Version 17
VisualStudioVersion = 17.5.2.0
MinimumVisualStudioVersion = 10.0.40219.1
Project("{FAE04EC0-301F-11D3-BF4B-00C04F79EFBC}") = "PWA_tinder_for_pets", "PWA_tinder_for_pets.csproj", "{B68B01B4-866F-A725-CE35-221399501E7C}"
EndProject
Global
	GlobalSection(SolutionConfigurationPlatforms) = preSolution
		Debug|Any CPU = Debug|Any CPU
		Release|Any CPU = Release|Any CPU
	EndGlobalSection
	GlobalSection(ProjectConfigurationPlatforms) = postSolution
		{B68B01B4-866F-A725-CE35-221399501E7C}.Debug|Any CPU.ActiveCfg = Debug|Any CPU
		{B68B01B4-866F-A725-CE35-221399501E7C}.Debug|Any CPU.Build.0 = Debug|Any CPU
		{B68B01B4-866F-A725-CE35-221399501E7C}.Release|Any CPU.ActiveCfg = Release|Any CPU
		{B68B01B4-866F-A725-CE35-221399501E7C}.Release|Any CPU.Build.0 = Release|Any CPU
	EndGlobalSection
	GlobalSection(SolutionProperties) = preSolution
		HideSolutionNode = FALSE
	EndGlobalSection
	GlobalSection(ExtensibilityGlobals) = postSolution
		SolutionGuid = {003006AC-CBA5-48E0-A5D1-584D39B767D9}
	EndGlobalSection
EndGlobal
